// !$*UTF8*$!
{
	archiveVersion = 1;
	classes = {
	};
	objectVersion = 77;
	objects = {

/* Begin PBXBuildFile section */
		37C630742D135E230043B0F9 /* FirebaseAnalytics in Frameworks */ = {isa = PBXBuildFile; productRef = 37C630732D135E230043B0F9 /* FirebaseAnalytics */; };
		37C630762D135E230043B0F9 /* FirebaseAnalyticsOnDeviceConversion in Frameworks */ = {isa = PBXBuildFile; productRef = 37C630752D135E230043B0F9 /* FirebaseAnalyticsOnDeviceConversion */; };
		37C630782D135E230043B0F9 /* FirebaseAnalyticsWithoutAdIdSupport in Frameworks */ = {isa = PBXBuildFile; productRef = 37C630772D135E230043B0F9 /* FirebaseAnalyticsWithoutAdIdSupport */; };
		37D31E8D2D14EE4E0067683F /* FirebaseCrashlytics in Frameworks */ = {isa = PBXBuildFile; productRef = 37D31E8C2D14EE4E0067683F /* FirebaseCrashlytics */; };
/* End PBXBuildFile section */

/* Begin PBXContainerItemProxy section */
		379749192D0DF2B200A4C355 /* PBXContainerItemProxy */ = {
			isa = PBXContainerItemProxy;
			containerPortal = 379748FA2D0DF2B000A4C355 /* Project object */;
			proxyType = 1;
			remoteGlobalIDString = 379749012D0DF2B000A4C355;
			remoteInfo = PracticeFoodGroup;
		};
		379749232D0DF2B200A4C355 /* PBXContainerItemProxy */ = {
			isa = PBXContainerItemProxy;
			containerPortal = 379748FA2D0DF2B000A4C355 /* Project object */;
			proxyType = 1;
			remoteGlobalIDString = 379749012D0DF2B000A4C355;
			remoteInfo = PracticeFoodGroup;
		};
/* End PBXContainerItemProxy section */

/* Begin PBXFileReference section */
		379749022D0DF2B000A4C355 /* PracticeFoodGroup.app */ = {isa = PBXFileReference; explicitFileType = wrapper.application; includeInIndex = 0; path = PracticeFoodGroup.app; sourceTree = BUILT_PRODUCTS_DIR; };
		379749182D0DF2B200A4C355 /* PracticeFoodGroupTests.xctest */ = {isa = PBXFileReference; explicitFileType = wrapper.cfbundle; includeInIndex = 0; path = PracticeFoodGroupTests.xctest; sourceTree = BUILT_PRODUCTS_DIR; };
		379749222D0DF2B200A4C355 /* PracticeFoodGroupUITests.xctest */ = {isa = PBXFileReference; explicitFileType = wrapper.cfbundle; includeInIndex = 0; path = PracticeFoodGroupUITests.xctest; sourceTree = BUILT_PRODUCTS_DIR; };
/* End PBXFileReference section */

/* Begin PBXFileSystemSynchronizedBuildFileExceptionSet section */
		3797492A2D0DF2B300A4C355 /* Exceptions for "PracticeFoodGroup" folder in "PracticeFoodGroup" target */ = {
			isa = PBXFileSystemSynchronizedBuildFileExceptionSet;
			membershipExceptions = (
				Info.plist,
			);
			target = 379749012D0DF2B000A4C355 /* PracticeFoodGroup */;
		};
/* End PBXFileSystemSynchronizedBuildFileExceptionSet section */

/* Begin PBXFileSystemSynchronizedRootGroup section */
		379749042D0DF2B000A4C355 /* PracticeFoodGroup */ = {
			isa = PBXFileSystemSynchronizedRootGroup;
			exceptions = (
				3797492A2D0DF2B300A4C355 /* Exceptions for "PracticeFoodGroup" folder in "PracticeFoodGroup" target */,
			);
			path = PracticeFoodGroup;
			sourceTree = "<group>";
		};
		3797491B2D0DF2B200A4C355 /* PracticeFoodGroupTests */ = {
			isa = PBXFileSystemSynchronizedRootGroup;
			path = PracticeFoodGroupTests;
			sourceTree = "<group>";
		};
		379749252D0DF2B200A4C355 /* PracticeFoodGroupUITests */ = {
			isa = PBXFileSystemSynchronizedRootGroup;
			path = PracticeFoodGroupUITests;
			sourceTree = "<group>";
		};
/* End PBXFileSystemSynchronizedRootGroup section */

/* Begin PBXFrameworksBuildPhase section */
		379748FF2D0DF2B000A4C355 /* Frameworks */ = {
			isa = PBXFrameworksBuildPhase;
			buildActionMask = 2147483647;
			files = (
				37C630742D135E230043B0F9 /* FirebaseAnalytics in Frameworks */,
				37D31E8D2D14EE4E0067683F /* FirebaseCrashlytics in Frameworks */,
				37C630782D135E230043B0F9 /* FirebaseAnalyticsWithoutAdIdSupport in Frameworks */,
				37C630762D135E230043B0F9 /* FirebaseAnalyticsOnDeviceConversion in Frameworks */,
			);
			runOnlyForDeploymentPostprocessing = 0;
		};
		379749152D0DF2B200A4C355 /* Frameworks */ = {
			isa = PBXFrameworksBuildPhase;
			buildActionMask = 2147483647;
			files = (
			);
			runOnlyForDeploymentPostprocessing = 0;
		};
		3797491F2D0DF2B200A4C355 /* Frameworks */ = {
			isa = PBXFrameworksBuildPhase;
			buildActionMask = 2147483647;
			files = (
			);
			runOnlyForDeploymentPostprocessing = 0;
		};
/* End PBXFrameworksBuildPhase section */

/* Begin PBXGroup section */
		379748F92D0DF2B000A4C355 = {
			isa = PBXGroup;
			children = (
				379749042D0DF2B000A4C355 /* PracticeFoodGroup */,
				3797491B2D0DF2B200A4C355 /* PracticeFoodGroupTests */,
				379749252D0DF2B200A4C355 /* PracticeFoodGroupUITests */,
				379749032D0DF2B000A4C355 /* Products */,
			);
			sourceTree = "<group>";
		};
		379749032D0DF2B000A4C355 /* Products */ = {
			isa = PBXGroup;
			children = (
				379749022D0DF2B000A4C355 /* PracticeFoodGroup.app */,
				379749182D0DF2B200A4C355 /* PracticeFoodGroupTests.xctest */,
				379749222D0DF2B200A4C355 /* PracticeFoodGroupUITests.xctest */,
			);
			name = Products;
			sourceTree = "<group>";
		};
/* End PBXGroup section */

/* Begin PBXNativeTarget section */
		379749012D0DF2B000A4C355 /* PracticeFoodGroup */ = {
			isa = PBXNativeTarget;
			buildConfigurationList = 3797492B2D0DF2B300A4C355 /* Build configuration list for PBXNativeTarget "PracticeFoodGroup" */;
			buildPhases = (
				379748FE2D0DF2B000A4C355 /* Sources */,
				379748FF2D0DF2B000A4C355 /* Frameworks */,
				379749002D0DF2B000A4C355 /* Resources */,
				37D31E8E2D14F37C0067683F /* ShellScript */,
			);
			buildRules = (
			);
			dependencies = (
			);
			fileSystemSynchronizedGroups = (
				379749042D0DF2B000A4C355 /* PracticeFoodGroup */,
			);
			name = PracticeFoodGroup;
			packageProductDependencies = (
				37C630732D135E230043B0F9 /* FirebaseAnalytics */,
				37C630752D135E230043B0F9 /* FirebaseAnalyticsOnDeviceConversion */,
				37C630772D135E230043B0F9 /* FirebaseAnalyticsWithoutAdIdSupport */,
				37D31E8C2D14EE4E0067683F /* FirebaseCrashlytics */,
			);
			productName = PracticeFoodGroup;
			productReference = 379749022D0DF2B000A4C355 /* PracticeFoodGroup.app */;
			productType = "com.apple.product-type.application";
		};
		379749172D0DF2B200A4C355 /* PracticeFoodGroupTests */ = {
			isa = PBXNativeTarget;
			buildConfigurationList = 379749302D0DF2B300A4C355 /* Build configuration list for PBXNativeTarget "PracticeFoodGroupTests" */;
			buildPhases = (
				379749142D0DF2B200A4C355 /* Sources */,
				379749152D0DF2B200A4C355 /* Frameworks */,
				379749162D0DF2B200A4C355 /* Resources */,
			);
			buildRules = (
			);
			dependencies = (
				3797491A2D0DF2B200A4C355 /* PBXTargetDependency */,
			);
			fileSystemSynchronizedGroups = (
				3797491B2D0DF2B200A4C355 /* PracticeFoodGroupTests */,
			);
			name = PracticeFoodGroupTests;
			packageProductDependencies = (
			);
			productName = PracticeFoodGroupTests;
			productReference = 379749182D0DF2B200A4C355 /* PracticeFoodGroupTests.xctest */;
			productType = "com.apple.product-type.bundle.unit-test";
		};
		379749212D0DF2B200A4C355 /* PracticeFoodGroupUITests */ = {
			isa = PBXNativeTarget;
			buildConfigurationList = 379749332D0DF2B300A4C355 /* Build configuration list for PBXNativeTarget "PracticeFoodGroupUITests" */;
			buildPhases = (
				3797491E2D0DF2B200A4C355 /* Sources */,
				3797491F2D0DF2B200A4C355 /* Frameworks */,
				379749202D0DF2B200A4C355 /* Resources */,
			);
			buildRules = (
			);
			dependencies = (
				379749242D0DF2B200A4C355 /* PBXTargetDependency */,
			);
			fileSystemSynchronizedGroups = (
				379749252D0DF2B200A4C355 /* PracticeFoodGroupUITests */,
			);
			name = PracticeFoodGroupUITests;
			packageProductDependencies = (
			);
			productName = PracticeFoodGroupUITests;
			productReference = 379749222D0DF2B200A4C355 /* PracticeFoodGroupUITests.xctest */;
			productType = "com.apple.product-type.bundle.ui-testing";
		};
/* End PBXNativeTarget section */

/* Begin PBXProject section */
		379748FA2D0DF2B000A4C355 /* Project object */ = {
			isa = PBXProject;
			attributes = {
				BuildIndependentTargetsInParallel = 1;
				LastSwiftUpdateCheck = 1620;
				LastUpgradeCheck = 1620;
				TargetAttributes = {
					379749012D0DF2B000A4C355 = {
						CreatedOnToolsVersion = 16.2;
					};
					379749172D0DF2B200A4C355 = {
						CreatedOnToolsVersion = 16.2;
						TestTargetID = 379749012D0DF2B000A4C355;
					};
					379749212D0DF2B200A4C355 = {
						CreatedOnToolsVersion = 16.2;
						TestTargetID = 379749012D0DF2B000A4C355;
					};
				};
			};
			buildConfigurationList = 379748FD2D0DF2B000A4C355 /* Build configuration list for PBXProject "" */;
			developmentRegion = en;
			hasScannedForEncodings = 0;
			knownRegions = (
				en,
				Base,
			);
			mainGroup = 379748F92D0DF2B000A4C355;
			minimizedProjectReferenceProxies = 1;
			packageReferences = (
				37C630722D135E230043B0F9 /* XCRemoteSwiftPackageReference "firebase-ios-sdk" */,
			);
			preferredProjectObjectVersion = 77;
			productRefGroup = 379749032D0DF2B000A4C355 /* Products */;
			projectDirPath = "";
			projectRoot = "";
			targets = (
				379749012D0DF2B000A4C355 /* PracticeFoodGroup */,
				379749172D0DF2B200A4C355 /* PracticeFoodGroupTests */,
				379749212D0DF2B200A4C355 /* PracticeFoodGroupUITests */,
			);
		};
/* End PBXProject section */

/* Begin PBXResourcesBuildPhase section */
		379749002D0DF2B000A4C355 /* Resources */ = {
			isa = PBXResourcesBuildPhase;
			buildActionMask = 2147483647;
			files = (
			);
			runOnlyForDeploymentPostprocessing = 0;
		};
		379749162D0DF2B200A4C355 /* Resources */ = {
			isa = PBXResourcesBuildPhase;
			buildActionMask = 2147483647;
			files = (
			);
			runOnlyForDeploymentPostprocessing = 0;
		};
		379749202D0DF2B200A4C355 /* Resources */ = {
			isa = PBXResourcesBuildPhase;
			buildActionMask = 2147483647;
			files = (
			);
			runOnlyForDeploymentPostprocessing = 0;
		};
/* End PBXResourcesBuildPhase section */

/* Begin PBXShellScriptBuildPhase section */
		37D31E8E2D14F37C0067683F /* ShellScript */ = {
			isa = PBXShellScriptBuildPhase;
			buildActionMask = 2147483647;
			files = (
			);
			inputFileListPaths = (
			);
			inputPaths = (
				"${DWARF_DSYM_FOLDER_PATH}/${DWARF_DSYM_FILE_NAME}/Contents/Resources/DWARF/${PRODUCT_NAME}",
				"${DWARF_DSYM_FOLDER_PATH}/${DWARF_DSYM_FILE_NAME}",
				"${DWARF_DSYM_FOLDER_PATH}/${DWARF_DSYM_FILE_NAME}/Contents/Info.plist",
				"$(TARGET_BUILD_DIR)/$(UNLOCALIZED_RESOURCES_FOLDER_PATH)/GoogleService-Info.plist",
				"$(TARGET_BUILD_DIR)/$(EXECUTABLE_PATH)",
			);
			outputFileListPaths = (
			);
			outputPaths = (
			);
			runOnlyForDeploymentPostprocessing = 0;
			shellPath = /bin/sh;
			shellScript = "# Type a script or drag a script file from your workspace to insert its path.\n\"${BUILD_DIR%/Build/*}/SourcePackages/checkouts/firebase-ios-sdk/Crashlytics/run\"\n";
		};
/* End PBXShellScriptBuildPhase section */

/* Begin PBXSourcesBuildPhase section */
		379748FE2D0DF2B000A4C355 /* Sources */ = {
			isa = PBXSourcesBuildPhase;
			buildActionMask = 2147483647;
			files = (
			);
			runOnlyForDeploymentPostprocessing = 0;
		};
		379749142D0DF2B200A4C355 /* Sources */ = {
			isa = PBXSourcesBuildPhase;
			buildActionMask = 2147483647;
			files = (
			);
			runOnlyForDeploymentPostprocessing = 0;
		};
		3797491E2D0DF2B200A4C355 /* Sources */ = {
			isa = PBXSourcesBuildPhase;
			buildActionMask = 2147483647;
			files = (
			);
			runOnlyForDeploymentPostprocessing = 0;
		};
/* End PBXSourcesBuildPhase section */

/* Begin PBXTargetDependency section */
		3797491A2D0DF2B200A4C355 /* PBXTargetDependency */ = {
			isa = PBXTargetDependency;
			target = 379749012D0DF2B000A4C355 /* PracticeFoodGroup */;
			targetProxy = 379749192D0DF2B200A4C355 /* PBXContainerItemProxy */;
		};
		379749242D0DF2B200A4C355 /* PBXTargetDependency */ = {
			isa = PBXTargetDependency;
			target = 379749012D0DF2B000A4C355 /* PracticeFoodGroup */;
			targetProxy = 379749232D0DF2B200A4C355 /* PBXContainerItemProxy */;
		};
/* End PBXTargetDependency section */

/* Begin XCBuildConfiguration section */
		3797492C2D0DF2B300A4C355 /* Debug */ = {
			isa = XCBuildConfiguration;
			buildSettings = {
				ASSETCATALOG_COMPILER_APPICON_NAME = AppIcon;
				ASSETCATALOG_COMPILER_GLOBAL_ACCENT_COLOR_NAME = AccentColor;
				CODE_SIGN_STYLE = Automatic;
				CURRENT_PROJECT_VERSION = 1;
				GENERATE_INFOPLIST_FILE = YES;
				INFOPLIST_FILE = PracticeFoodGroup/Info.plist;
				INFOPLIST_KEY_UIApplicationSupportsIndirectInputEvents = YES;
				INFOPLIST_KEY_UILaunchStoryboardName = LaunchScreen;
				INFOPLIST_KEY_UIMainStoryboardFile = Main;
				INFOPLIST_KEY_UISupportedInterfaceOrientations_iPad = "UIInterfaceOrientationPortrait UIInterfaceOrientationPortraitUpsideDown UIInterfaceOrientationLandscapeLeft UIInterfaceOrientationLandscapeRight";
				INFOPLIST_KEY_UISupportedInterfaceOrientations_iPhone = "UIInterfaceOrientationPortrait UIInterfaceOrientationLandscapeLeft UIInterfaceOrientationLandscapeRight";
				LD_RUNPATH_SEARCH_PATHS = (
					"$(inherited)",
					"@executable_path/Frameworks",
				);
				MARKETING_VERSION = 1.0;
				PRODUCT_BUNDLE_IDENTIFIER = com.apolis.PracticeFoodGroup;
				PRODUCT_NAME = "$(TARGET_NAME)";
				SWIFT_EMIT_LOC_STRINGS = YES;
				SWIFT_VERSION = 5.0;
				TARGETED_DEVICE_FAMILY = "1,2";
			};
			name = Debug;
		};
		3797492D2D0DF2B300A4C355 /* Release */ = {
			isa = XCBuildConfiguration;
			buildSettings = {
				ASSETCATALOG_COMPILER_APPICON_NAME = AppIcon;
				ASSETCATALOG_COMPILER_GLOBAL_ACCENT_COLOR_NAME = AccentColor;
				CODE_SIGN_STYLE = Automatic;
				CURRENT_PROJECT_VERSION = 1;
				GENERATE_INFOPLIST_FILE = YES;
				INFOPLIST_FILE = PracticeFoodGroup/Info.plist;
				INFOPLIST_KEY_UIApplicationSupportsIndirectInputEvents = YES;
				INFOPLIST_KEY_UILaunchStoryboardName = LaunchScreen;
				INFOPLIST_KEY_UIMainStoryboardFile = Main;
				INFOPLIST_KEY_UISupportedInterfaceOrientations_iPad = "UIInterfaceOrientationPortrait UIInterfaceOrientationPortraitUpsideDown UIInterfaceOrientationLandscapeLeft UIInterfaceOrientationLandscapeRight";
				INFOPLIST_KEY_UISupportedInterfaceOrientations_iPhone = "UIInterfaceOrientationPortrait UIInterfaceOrientationLandscapeLeft UIInterfaceOrientationLandscapeRight";
				LD_RUNPATH_SEARCH_PATHS = (
					"$(inherited)",
					"@executable_path/Frameworks",
				);
				MARKETING_VERSION = 1.0;
				PRODUCT_BUNDLE_IDENTIFIER = com.apolis.PracticeFoodGroup;
				PRODUCT_NAME = "$(TARGET_NAME)";
				SWIFT_EMIT_LOC_STRINGS = YES;
				SWIFT_VERSION = 5.0;
				TARGETED_DEVICE_FAMILY = "1,2";
			};
			name = Release;
		};
		3797492E2D0DF2B300A4C355 /* Debug */ = {
			isa = XCBuildConfiguration;
			buildSettings = {
				ALWAYS_SEARCH_USER_PATHS = NO;
				ASSETCATALOG_COMPILER_GENERATE_SWIFT_ASSET_SYMBOL_EXTENSIONS = YES;
				CLANG_ANALYZER_NONNULL = YES;
				CLANG_ANALYZER_NUMBER_OBJECT_CONVERSION = YES_AGGRESSIVE;
				CLANG_CXX_LANGUAGE_STANDARD = "gnu++20";
				CLANG_ENABLE_MODULES = YES;
				CLANG_ENABLE_OBJC_ARC = YES;
				CLANG_ENABLE_OBJC_WEAK = YES;
				CLANG_WARN_BLOCK_CAPTURE_AUTORELEASING = YES;
				CLANG_WARN_BOOL_CONVERSION = YES;
				CLANG_WARN_COMMA = YES;
				CLANG_WARN_CONSTANT_CONVERSION = YES;
				CLANG_WARN_DEPRECATED_OBJC_IMPLEMENTATIONS = YES;
				CLANG_WARN_DIRECT_OBJC_ISA_USAGE = YES_ERROR;
				CLANG_WARN_DOCUMENTATION_COMMENTS = YES;
				CLANG_WARN_EMPTY_BODY = YES;
				CLANG_WARN_ENUM_CONVERSION = YES;
				CLANG_WARN_INFINITE_RECURSION = YES;
				CLANG_WARN_INT_CONVERSION = YES;
				CLANG_WARN_NON_LITERAL_NULL_CONVERSION = YES;
				CLANG_WARN_OBJC_IMPLICIT_RETAIN_SELF = YES;
				CLANG_WARN_OBJC_LITERAL_CONVERSION = YES;
				CLANG_WARN_OBJC_ROOT_CLASS = YES_ERROR;
				CLANG_WARN_QUOTED_INCLUDE_IN_FRAMEWORK_HEADER = YES;
				CLANG_WARN_RANGE_LOOP_ANALYSIS = YES;
				CLANG_WARN_STRICT_PROTOTYPES = YES;
				CLANG_WARN_SUSPICIOUS_MOVE = YES;
				CLANG_WARN_UNGUARDED_AVAILABILITY = YES_AGGRESSIVE;
				CLANG_WARN_UNREACHABLE_CODE = YES;
				CLANG_WARN__DUPLICATE_METHOD_MATCH = YES;
				COPY_PHASE_STRIP = NO;
				DEBUG_INFORMATION_FORMAT = "dwarf-with-dsym";
				DEBUG_INFORMATION_VERSION = "compiler-default";
				ENABLE_STRICT_OBJC_MSGSEND = YES;
				ENABLE_TESTABILITY = YES;
				ENABLE_USER_SCRIPT_SANDBOXING = YES;
				GCC_C_LANGUAGE_STANDARD = gnu17;
				GCC_DYNAMIC_NO_PIC = NO;
				GCC_NO_COMMON_BLOCKS = YES;
				GCC_OPTIMIZATION_LEVEL = 0;
				GCC_PREPROCESSOR_DEFINITIONS = (
					"DEBUG=1",
					"$(inherited)",
				);
				GCC_WARN_64_TO_32_BIT_CONVERSION = YES;
				GCC_WARN_ABOUT_RETURN_TYPE = YES_ERROR;
				GCC_WARN_UNDECLARED_SELECTOR = YES;
				GCC_WARN_UNINITIALIZED_AUTOS = YES_AGGRESSIVE;
				GCC_WARN_UNUSED_FUNCTION = YES;
				GCC_WARN_UNUSED_VARIABLE = YES;
				IPHONEOS_DEPLOYMENT_TARGET = 18.2;
				LOCALIZATION_PREFERS_STRING_CATALOGS = YES;
				MTL_ENABLE_DEBUG_INFO = INCLUDE_SOURCE;
				MTL_FAST_MATH = YES;
				ONLY_ACTIVE_ARCH = YES;
				SDKROOT = iphoneos;
				SWIFT_ACTIVE_COMPILATION_CONDITIONS = "DEBUG $(inherited)";
				SWIFT_OPTIMIZATION_LEVEL = "-Onone";
			};
			name = Debug;
		};
		3797492F2D0DF2B300A4C355 /* Release */ = {
			isa = XCBuildConfiguration;
			buildSettings = {
				ALWAYS_SEARCH_USER_PATHS = NO;
				ASSETCATALOG_COMPILER_GENERATE_SWIFT_ASSET_SYMBOL_EXTENSIONS = YES;
				CLANG_ANALYZER_NONNULL = YES;
				CLANG_ANALYZER_NUMBER_OBJECT_CONVERSION = YES_AGGRESSIVE;
				CLANG_CXX_LANGUAGE_STANDARD = "gnu++20";
				CLANG_ENABLE_MODULES = YES;
				CLANG_ENABLE_OBJC_ARC = YES;
				CLANG_ENABLE_OBJC_WEAK = YES;
				CLANG_WARN_BLOCK_CAPTURE_AUTORELEASING = YES;
				CLANG_WARN_BOOL_CONVERSION = YES;
				CLANG_WARN_COMMA = YES;
				CLANG_WARN_CONSTANT_CONVERSION = YES;
				CLANG_WARN_DEPRECATED_OBJC_IMPLEMENTATIONS = YES;
				CLANG_WARN_DIRECT_OBJC_ISA_USAGE = YES_ERROR;
				CLANG_WARN_DOCUMENTATION_COMMENTS = YES;
				CLANG_WARN_EMPTY_BODY = YES;
				CLANG_WARN_ENUM_CONVERSION = YES;
				CLANG_WARN_INFINITE_RECURSION = YES;
				CLANG_WARN_INT_CONVERSION = YES;
				CLANG_WARN_NON_LITERAL_NULL_CONVERSION = YES;
				CLANG_WARN_OBJC_IMPLICIT_RETAIN_SELF = YES;
				CLANG_WARN_OBJC_LITERAL_CONVERSION = YES;
				CLANG_WARN_OBJC_ROOT_CLASS = YES_ERROR;
				CLANG_WARN_QUOTED_INCLUDE_IN_FRAMEWORK_HEADER = YES;
				CLANG_WARN_RANGE_LOOP_ANALYSIS = YES;
				CLANG_WARN_STRICT_PROTOTYPES = YES;
				CLANG_WARN_SUSPICIOUS_MOVE = YES;
				CLANG_WARN_UNGUARDED_AVAILABILITY = YES_AGGRESSIVE;
				CLANG_WARN_UNREACHABLE_CODE = YES;
				CLANG_WARN__DUPLICATE_METHOD_MATCH = YES;
				COPY_PHASE_STRIP = NO;
				DEBUG_INFORMATION_FORMAT = "dwarf-with-dsym";
				DEBUG_INFORMATION_VERSION = "compiler-default";
				ENABLE_NS_ASSERTIONS = NO;
				ENABLE_STRICT_OBJC_MSGSEND = YES;
				ENABLE_USER_SCRIPT_SANDBOXING = YES;
				GCC_C_LANGUAGE_STANDARD = gnu17;
				GCC_NO_COMMON_BLOCKS = YES;
				GCC_WARN_64_TO_32_BIT_CONVERSION = YES;
				GCC_WARN_ABOUT_RETURN_TYPE = YES_ERROR;
				GCC_WARN_UNDECLARED_SELECTOR = YES;
				GCC_WARN_UNINITIALIZED_AUTOS = YES_AGGRESSIVE;
				GCC_WARN_UNUSED_FUNCTION = YES;
				GCC_WARN_UNUSED_VARIABLE = YES;
				IPHONEOS_DEPLOYMENT_TARGET = 18.2;
				LOCALIZATION_PREFERS_STRING_CATALOGS = YES;
				MTL_ENABLE_DEBUG_INFO = NO;
				MTL_FAST_MATH = YES;
				SDKROOT = iphoneos;
				SWIFT_COMPILATION_MODE = wholemodule;
				VALIDATE_PRODUCT = YES;
			};
			name = Release;
		};
		379749312D0DF2B300A4C355 /* Debug */ = {
			isa = XCBuildConfiguration;
			buildSettings = {
				BUNDLE_LOADER = "$(TEST_HOST)";
				CODE_SIGN_STYLE = Automatic;
				CURRENT_PROJECT_VERSION = 1;
				GENERATE_INFOPLIST_FILE = YES;
				IPHONEOS_DEPLOYMENT_TARGET = 18.2;
				MARKETING_VERSION = 1.0;
				PRODUCT_BUNDLE_IDENTIFIER = com.apolis.PracticeFoodGroupTests;
				PRODUCT_NAME = "$(TARGET_NAME)";
				SWIFT_EMIT_LOC_STRINGS = NO;
				SWIFT_VERSION = 5.0;
				TARGETED_DEVICE_FAMILY = "1,2";
				TEST_HOST = "$(BUILT_PRODUCTS_DIR)/PracticeFoodGroup.app/$(BUNDLE_EXECUTABLE_FOLDER_PATH)/PracticeFoodGroup";
			};
			name = Debug;
		};
		379749322D0DF2B300A4C355 /* Release */ = {
			isa = XCBuildConfiguration;
			buildSettings = {
				BUNDLE_LOADER = "$(TEST_HOST)";
				CODE_SIGN_STYLE = Automatic;
				CURRENT_PROJECT_VERSION = 1;
				GENERATE_INFOPLIST_FILE = YES;
				IPHONEOS_DEPLOYMENT_TARGET = 18.2;
				MARKETING_VERSION = 1.0;
				PRODUCT_BUNDLE_IDENTIFIER = com.apolis.PracticeFoodGroupTests;
				PRODUCT_NAME = "$(TARGET_NAME)";
				SWIFT_EMIT_LOC_STRINGS = NO;
				SWIFT_VERSION = 5.0;
				TARGETED_DEVICE_FAMILY = "1,2";
				TEST_HOST = "$(BUILT_PRODUCTS_DIR)/PracticeFoodGroup.app/$(BUNDLE_EXECUTABLE_FOLDER_PATH)/PracticeFoodGroup";
			};
			name = Release;
		};
		379749342D0DF2B300A4C355 /* Debug */ = {
			isa = XCBuildConfiguration;
			buildSettings = {
				CODE_SIGN_STYLE = Automatic;
				CURRENT_PROJECT_VERSION = 1;
				GENERATE_INFOPLIST_FILE = YES;
				MARKETING_VERSION = 1.0;
				PRODUCT_BUNDLE_IDENTIFIER = com.apolis.PracticeFoodGroupUITests;
				PRODUCT_NAME = "$(TARGET_NAME)";
				SWIFT_EMIT_LOC_STRINGS = NO;
				SWIFT_VERSION = 5.0;
				TARGETED_DEVICE_FAMILY = "1,2";
				TEST_TARGET_NAME = PracticeFoodGroup;
			};
			name = Debug;
		};
		379749352D0DF2B300A4C355 /* Release */ = {
			isa = XCBuildConfiguration;
			buildSettings = {
				CODE_SIGN_STYLE = Automatic;
				CURRENT_PROJECT_VERSION = 1;
				GENERATE_INFOPLIST_FILE = YES;
				MARKETING_VERSION = 1.0;
				PRODUCT_BUNDLE_IDENTIFIER = com.apolis.PracticeFoodGroupUITests;
				PRODUCT_NAME = "$(TARGET_NAME)";
				SWIFT_EMIT_LOC_STRINGS = NO;
				SWIFT_VERSION = 5.0;
				TARGETED_DEVICE_FAMILY = "1,2";
				TEST_TARGET_NAME = PracticeFoodGroup;
			};
			name = Release;
		};
/* End XCBuildConfiguration section */

/* Begin XCConfigurationList section */
		379748FD2D0DF2B000A4C355 /* Build configuration list for PBXProject "" */ = {
			isa = XCConfigurationList;
			buildConfigurations = (
				3797492E2D0DF2B300A4C355 /* Debug */,
				3797492F2D0DF2B300A4C355 /* Release */,
			);
			defaultConfigurationIsVisible = 0;
			defaultConfigurationName = Release;
		};
		3797492B2D0DF2B300A4C355 /* Build configuration list for PBXNativeTarget "PracticeFoodGroup" */ = {
			isa = XCConfigurationList;
			buildConfigurations = (
				3797492C2D0DF2B300A4C355 /* Debug */,
				3797492D2D0DF2B300A4C355 /* Release */,
			);
			defaultConfigurationIsVisible = 0;
			defaultConfigurationName = Release;
		};
		379749302D0DF2B300A4C355 /* Build configuration list for PBXNativeTarget "PracticeFoodGroupTests" */ = {
			isa = XCConfigurationList;
			buildConfigurations = (
				379749312D0DF2B300A4C355 /* Debug */,
				379749322D0DF2B300A4C355 /* Release */,
			);
			defaultConfigurationIsVisible = 0;
			defaultConfigurationName = Release;
		};
		379749332D0DF2B300A4C355 /* Build configuration list for PBXNativeTarget "PracticeFoodGroupUITests" */ = {
			isa = XCConfigurationList;
			buildConfigurations = (
				379749342D0DF2B300A4C355 /* Debug */,
				379749352D0DF2B300A4C355 /* Release */,
			);
			defaultConfigurationIsVisible = 0;
			defaultConfigurationName = Release;
		};
/* End XCConfigurationList section */

/* Begin XCRemoteSwiftPackageReference section */
		37C630722D135E230043B0F9 /* XCRemoteSwiftPackageReference "firebase-ios-sdk" */ = {
			isa = XCRemoteSwiftPackageReference;
			repositoryURL = "https://github.com/firebase/firebase-ios-sdk";
			requirement = {
				kind = upToNextMajorVersion;
				minimumVersion = 11.6.0;
			};
		};
/* End XCRemoteSwiftPackageReference section */

/* Begin XCSwiftPackageProductDependency section */
		37C630732D135E230043B0F9 /* FirebaseAnalytics */ = {
			isa = XCSwiftPackageProductDependency;
			package = 37C630722D135E230043B0F9 /* XCRemoteSwiftPackageReference "firebase-ios-sdk" */;
			productName = FirebaseAnalytics;
		};
		37C630752D135E230043B0F9 /* FirebaseAnalyticsOnDeviceConversion */ = {
			isa = XCSwiftPackageProductDependency;
			package = 37C630722D135E230043B0F9 /* XCRemoteSwiftPackageReference "firebase-ios-sdk" */;
			productName = FirebaseAnalyticsOnDeviceConversion;
		};
		37C630772D135E230043B0F9 /* FirebaseAnalyticsWithoutAdIdSupport */ = {
			isa = XCSwiftPackageProductDependency;
			package = 37C630722D135E230043B0F9 /* XCRemoteSwiftPackageReference "firebase-ios-sdk" */;
			productName = FirebaseAnalyticsWithoutAdIdSupport;
		};
		37D31E8C2D14EE4E0067683F /* FirebaseCrashlytics */ = {
			isa = XCSwiftPackageProductDependency;
			package = 37C630722D135E230043B0F9 /* XCRemoteSwiftPackageReference "firebase-ios-sdk" */;
			productName = FirebaseCrashlytics;
		};
/* End XCSwiftPackageProductDependency section */
	};
	rootObject = 379748FA2D0DF2B000A4C355 /* Project object */;
}
